
Microsoft Visual Studio Solution File, Format Version 12.00
# Visual Studio Version 17
VisualStudioVersion = 17.0.31903.59
MinimumVisualStudioVersion = 10.0.40219.1
Project("{2150E333-8FDC-42A3-9474-1A3956D46DE8}") = "tests", "tests", "{0AB3BF05-4346-4AA6-1389-037BE0695223}"
EndProject
Project("{FAE04EC0-301F-11D3-BF4B-00C04F79EFBC}") = "Denarius.Domain.Tests", "tests\Denarius.Domain.Tests\Denarius.Domain.Tests.csproj", "{E07A9B96-8F09-459E-B5C1-EB7D53B7ECA0}"
EndProject
Project("{FAE04EC0-301F-11D3-BF4B-00C04F79EFBC}") = "Denarius.Application.Tests", "tests\Denarius.Application.Tests\Denarius.Application.Tests.csproj", "{FFC388D4-36B5-466E-B931-D19406CD2FB1}"
EndProject
Project("{2150E333-8FDC-42A3-9474-1A3956D46DE8}") = "src", "src", "{827E0CD3-B72D-47B6-A68D-7590B98EB39B}"
EndProject
Project("{FAE04EC0-301F-11D3-BF4B-00C04F79EFBC}") = "Denarius.Application", "src\Denarius.Application\Denarius.Application.csproj", "{0A892F9B-CE9C-4467-AEA2-B4A027483425}"
EndProject
Project("{FAE04EC0-301F-11D3-BF4B-00C04F79EFBC}") = "Denarius.Domain", "src\Denarius.Domain\Denarius.Domain.csproj", "{A3A26BDF-557A-437B-99E4-2F1CC042D155}"
EndProject
Project("{FAE04EC0-301F-11D3-BF4B-00C04F79EFBC}") = "Denarius.Infrastructure", "src\Denarius.Infrastructure\Denarius.Infrastructure.csproj", "{FCAEB8EA-8765-4C3C-99E7-8B1B14932F56}"
EndProject
Project("{FAE04EC0-301F-11D3-BF4B-00C04F79EFBC}") = "Denarius.Infrastructure.Tests", "tests\Denarius.Infrastructure.Tests\Denarius.Infrastructure.Tests.csproj", "{34836232-8109-4313-9A80-A8FD5FD6DC74}"
EndProject
Global
	GlobalSection(SolutionConfigurationPlatforms) = preSolution
		Debug|Any CPU = Debug|Any CPU
		Debug|x64 = Debug|x64
		Debug|x86 = Debug|x86
		Release|Any CPU = Release|Any CPU
		Release|x64 = Release|x64
		Release|x86 = Release|x86
	EndGlobalSection
	GlobalSection(ProjectConfigurationPlatforms) = postSolution
		{E07A9B96-8F09-459E-B5C1-EB7D53B7ECA0}.Debug|Any CPU.ActiveCfg = Debug|Any CPU
		{E07A9B96-8F09-459E-B5C1-EB7D53B7ECA0}.Debug|Any CPU.Build.0 = Debug|Any CPU
		{E07A9B96-8F09-459E-B5C1-EB7D53B7ECA0}.Debug|x64.ActiveCfg = Debug|Any CPU
		{E07A9B96-8F09-459E-B5C1-EB7D53B7ECA0}.Debug|x64.Build.0 = Debug|Any CPU
		{E07A9B96-8F09-459E-B5C1-EB7D53B7ECA0}.Debug|x86.ActiveCfg = Debug|Any CPU
		{E07A9B96-8F09-459E-B5C1-EB7D53B7ECA0}.Debug|x86.Build.0 = Debug|Any CPU
		{E07A9B96-8F09-459E-B5C1-EB7D53B7ECA0}.Release|Any CPU.ActiveCfg = Release|Any CPU
		{E07A9B96-8F09-459E-B5C1-EB7D53B7ECA0}.Release|Any CPU.Build.0 = Release|Any CPU
		{E07A9B96-8F09-459E-B5C1-EB7D53B7ECA0}.Release|x64.ActiveCfg = Release|Any CPU
		{E07A9B96-8F09-459E-B5C1-EB7D53B7ECA0}.Release|x64.Build.0 = Release|Any CPU
		{E07A9B96-8F09-459E-B5C1-EB7D53B7ECA0}.Release|x86.ActiveCfg = Release|Any CPU
		{E07A9B96-8F09-459E-B5C1-EB7D53B7ECA0}.Release|x86.Build.0 = Release|Any CPU
		{FFC388D4-36B5-466E-B931-D19406CD2FB1}.Debug|Any CPU.ActiveCfg = Debug|Any CPU
		{FFC388D4-36B5-466E-B931-D19406CD2FB1}.Debug|Any CPU.Build.0 = Debug|Any CPU
		{FFC388D4-36B5-466E-B931-D19406CD2FB1}.Debug|x64.ActiveCfg = Debug|Any CPU
		{FFC388D4-36B5-466E-B931-D19406CD2FB1}.Debug|x64.Build.0 = Debug|Any CPU
		{FFC388D4-36B5-466E-B931-D19406CD2FB1}.Debug|x86.ActiveCfg = Debug|Any CPU
		{FFC388D4-36B5-466E-B931-D19406CD2FB1}.Debug|x86.Build.0 = Debug|Any CPU
		{FFC388D4-36B5-466E-B931-D19406CD2FB1}.Release|Any CPU.ActiveCfg = Release|Any CPU
		{FFC388D4-36B5-466E-B931-D19406CD2FB1}.Release|Any CPU.Build.0 = Release|Any CPU
		{FFC388D4-36B5-466E-B931-D19406CD2FB1}.Release|x64.ActiveCfg = Release|Any CPU
		{FFC388D4-36B5-466E-B931-D19406CD2FB1}.Release|x64.Build.0 = Release|Any CPU
		{FFC388D4-36B5-466E-B931-D19406CD2FB1}.Release|x86.ActiveCfg = Release|Any CPU
		{FFC388D4-36B5-466E-B931-D19406CD2FB1}.Release|x86.Build.0 = Release|Any CPU
		{0A892F9B-CE9C-4467-AEA2-B4A027483425}.Debug|Any CPU.ActiveCfg = Debug|Any CPU
		{0A892F9B-CE9C-4467-AEA2-B4A027483425}.Debug|Any CPU.Build.0 = Debug|Any CPU
		{0A892F9B-CE9C-4467-AEA2-B4A027483425}.Debug|x64.ActiveCfg = Debug|Any CPU
		{0A892F9B-CE9C-4467-AEA2-B4A027483425}.Debug|x64.Build.0 = Debug|Any CPU
		{0A892F9B-CE9C-4467-AEA2-B4A027483425}.Debug|x86.ActiveCfg = Debug|Any CPU
		{0A892F9B-CE9C-4467-AEA2-B4A027483425}.Debug|x86.Build.0 = Debug|Any CPU
		{0A892F9B-CE9C-4467-AEA2-B4A027483425}.Release|Any CPU.ActiveCfg = Release|Any CPU
		{0A892F9B-CE9C-4467-AEA2-B4A027483425}.Release|Any CPU.Build.0 = Release|Any CPU
		{0A892F9B-CE9C-4467-AEA2-B4A027483425}.Release|x64.ActiveCfg = Release|Any CPU
		{0A892F9B-CE9C-4467-AEA2-B4A027483425}.Release|x64.Build.0 = Release|Any CPU
		{0A892F9B-CE9C-4467-AEA2-B4A027483425}.Release|x86.ActiveCfg = Release|Any CPU
		{0A892F9B-CE9C-4467-AEA2-B4A027483425}.Release|x86.Build.0 = Release|Any CPU
		{A3A26BDF-557A-437B-99E4-2F1CC042D155}.Debug|Any CPU.ActiveCfg = Debug|Any CPU
		{A3A26BDF-557A-437B-99E4-2F1CC042D155}.Debug|Any CPU.Build.0 = Debug|Any CPU
		{A3A26BDF-557A-437B-99E4-2F1CC042D155}.Debug|x64.ActiveCfg = Debug|Any CPU
		{A3A26BDF-557A-437B-99E4-2F1CC042D155}.Debug|x64.Build.0 = Debug|Any CPU
		{A3A26BDF-557A-437B-99E4-2F1CC042D155}.Debug|x86.ActiveCfg = Debug|Any CPU
		{A3A26BDF-557A-437B-99E4-2F1CC042D155}.Debug|x86.Build.0 = Debug|Any CPU
		{A3A26BDF-557A-437B-99E4-2F1CC042D155}.Release|Any CPU.ActiveCfg = Release|Any CPU
		{A3A26BDF-557A-437B-99E4-2F1CC042D155}.Release|Any CPU.Build.0 = Release|Any CPU
		{A3A26BDF-557A-437B-99E4-2F1CC042D155}.Release|x64.ActiveCfg = Release|Any CPU
		{A3A26BDF-557A-437B-99E4-2F1CC042D155}.Release|x64.Build.0 = Release|Any CPU
		{A3A26BDF-557A-437B-99E4-2F1CC042D155}.Release|x86.ActiveCfg = Release|Any CPU
		{A3A26BDF-557A-437B-99E4-2F1CC042D155}.Release|x86.Build.0 = Release|Any CPU
		{FCAEB8EA-8765-4C3C-99E7-8B1B14932F56}.Debug|Any CPU.ActiveCfg = Debug|Any CPU
		{FCAEB8EA-8765-4C3C-99E7-8B1B14932F56}.Debug|Any CPU.Build.0 = Debug|Any CPU
		{FCAEB8EA-8765-4C3C-99E7-8B1B14932F56}.Debug|x64.ActiveCfg = Debug|Any CPU
		{FCAEB8EA-8765-4C3C-99E7-8B1B14932F56}.Debug|x64.Build.0 = Debug|Any CPU
		{FCAEB8EA-8765-4C3C-99E7-8B1B14932F56}.Debug|x86.ActiveCfg = Debug|Any CPU
		{FCAEB8EA-8765-4C3C-99E7-8B1B14932F56}.Debug|x86.Build.0 = Debug|Any CPU
		{FCAEB8EA-8765-4C3C-99E7-8B1B14932F56}.Release|Any CPU.ActiveCfg = Release|Any CPU
		{FCAEB8EA-8765-4C3C-99E7-8B1B14932F56}.Release|Any CPU.Build.0 = Release|Any CPU
		{FCAEB8EA-8765-4C3C-99E7-8B1B14932F56}.Release|x64.ActiveCfg = Release|Any CPU
		{FCAEB8EA-8765-4C3C-99E7-8B1B14932F56}.Release|x64.Build.0 = Release|Any CPU
		{FCAEB8EA-8765-4C3C-99E7-8B1B14932F56}.Release|x86.ActiveCfg = Release|Any CPU
		{FCAEB8EA-8765-4C3C-99E7-8B1B14932F56}.Release|x86.Build.0 = Release|Any CPU
		{34836232-8109-4313-9A80-A8FD5FD6DC74}.Debug|Any CPU.ActiveCfg = Debug|Any CPU
		{34836232-8109-4313-9A80-A8FD5FD6DC74}.Debug|Any CPU.Build.0 = Debug|Any CPU
		{34836232-8109-4313-9A80-A8FD5FD6DC74}.Debug|x64.ActiveCfg = Debug|Any CPU
		{34836232-8109-4313-9A80-A8FD5FD6DC74}.Debug|x64.Build.0 = Debug|Any CPU
		{34836232-8109-4313-9A80-A8FD5FD6DC74}.Debug|x86.ActiveCfg = Debug|Any CPU
		{34836232-8109-4313-9A80-A8FD5FD6DC74}.Debug|x86.Build.0 = Debug|Any CPU
		{34836232-8109-4313-9A80-A8FD5FD6DC74}.Release|Any CPU.ActiveCfg = Release|Any CPU
		{34836232-8109-4313-9A80-A8FD5FD6DC74}.Release|Any CPU.Build.0 = Release|Any CPU
		{34836232-8109-4313-9A80-A8FD5FD6DC74}.Release|x64.ActiveCfg = Release|Any CPU
		{34836232-8109-4313-9A80-A8FD5FD6DC74}.Release|x64.Build.0 = Release|Any CPU
		{34836232-8109-4313-9A80-A8FD5FD6DC74}.Release|x86.ActiveCfg = Release|Any CPU
		{34836232-8109-4313-9A80-A8FD5FD6DC74}.Release|x86.Build.0 = Release|Any CPU
	EndGlobalSection
	GlobalSection(SolutionProperties) = preSolution
		HideSolutionNode = FALSE
	EndGlobalSection
	GlobalSection(NestedProjects) = preSolution
		{E07A9B96-8F09-459E-B5C1-EB7D53B7ECA0} = {0AB3BF05-4346-4AA6-1389-037BE0695223}
		{FFC388D4-36B5-466E-B931-D19406CD2FB1} = {0AB3BF05-4346-4AA6-1389-037BE0695223}
		{0A892F9B-CE9C-4467-AEA2-B4A027483425} = {827E0CD3-B72D-47B6-A68D-7590B98EB39B}
		{A3A26BDF-557A-437B-99E4-2F1CC042D155} = {827E0CD3-B72D-47B6-A68D-7590B98EB39B}
		{FCAEB8EA-8765-4C3C-99E7-8B1B14932F56} = {827E0CD3-B72D-47B6-A68D-7590B98EB39B}
		{34836232-8109-4313-9A80-A8FD5FD6DC74} = {0AB3BF05-4346-4AA6-1389-037BE0695223}
	EndGlobalSection
EndGlobal
